
Microsoft Visual Studio Solution File, Format Version 12.00
# Visual Studio Version 17
VisualStudioVersion = 17.11.35327.3
MinimumVisualStudioVersion = 10.0.40219.1
Project("{FAE04EC0-301F-11D3-BF4B-00C04F79EFBC}") = "Crypto.Portfolio", "Crypto.Portfolio.csproj", "{65A21CF4-53BF-413A-9628-3C55F879525B}"
EndProject
Global
	GlobalSection(SolutionConfigurationPlatforms) = preSolution
		Debug|Any CPU = Debug|Any CPU
		Release|Any CPU = Release|Any CPU
	EndGlobalSection
	GlobalSection(ProjectConfigurationPlatforms) = postSolution
		{65A21CF4-53BF-413A-9628-3C55F879525B}.Debug|Any CPU.ActiveCfg = Debug|Any CPU
		{65A21CF4-53BF-413A-9628-3C55F879525B}.Debug|Any CPU.Build.0 = Debug|Any CPU
		{65A21CF4-53BF-413A-9628-3C55F879525B}.Release|Any CPU.ActiveCfg = Release|Any CPU
		{65A21CF4-53BF-413A-9628-3C55F879525B}.Release|Any CPU.Build.0 = Release|Any CPU
	EndGlobalSection
	GlobalSection(SolutionProperties) = preSolution
		HideSolutionNode = FALSE
	EndGlobalSection
	GlobalSection(ExtensibilityGlobals) = postSolution
		SolutionGuid = {5DB58685-D2E4-4BCF-A589-A1C283F1B868}
	EndGlobalSection
EndGlobal
